
Microsoft Visual Studio Solution File, Format Version 12.00
# Visual Studio Version 17
VisualStudioVersion = 17.7.34031.279
MinimumVisualStudioVersion = 10.0.40219.1
Project("{FAE04EC0-301F-11D3-BF4B-00C04F79EFBC}") = "8B_Numbers", "8B_Numbers\8B_Numbers.csproj", "{67508445-FA90-4578-A209-5B713EA1C01B}"
EndProject
Global
	GlobalSection(SolutionConfigurationPlatforms) = preSolution
		Debug|Any CPU = Debug|Any CPU
		Release|Any CPU = Release|Any CPU
	EndGlobalSection
	GlobalSection(ProjectConfigurationPlatforms) = postSolution
		{67508445-FA90-4578-A209-5B713EA1C01B}.Debug|Any CPU.ActiveCfg = Debug|Any CPU
		{67508445-FA90-4578-A209-5B713EA1C01B}.Debug|Any CPU.Build.0 = Debug|Any CPU
		{67508445-FA90-4578-A209-5B713EA1C01B}.Release|Any CPU.ActiveCfg = Release|Any CPU
		{67508445-FA90-4578-A209-5B713EA1C01B}.Release|Any CPU.Build.0 = Release|Any CPU
	EndGlobalSection
	GlobalSection(SolutionProperties) = preSolution
		HideSolutionNode = FALSE
	EndGlobalSection
	GlobalSection(ExtensibilityGlobals) = postSolution
		SolutionGuid = {FF96E9EB-0EA2-4B2D-B40A-A5FA6853D1E8}
	EndGlobalSection
EndGlobal
